
Microsoft Visual Studio Solution File, Format Version 12.00
# Visual Studio Version 17
VisualStudioVersion = 17.3.32901.215
MinimumVisualStudioVersion = 10.0.40219.1
Project("{FAE04EC0-301F-11D3-BF4B-00C04F79EFBC}") = "csharp-oop-shop", "csharp-oop-shop.csproj", "{CFA46E08-C36E-4B04-B5E0-FE50D6A76EAD}"
EndProject
Global
	GlobalSection(SolutionConfigurationPlatforms) = preSolution
		Debug|Any CPU = Debug|Any CPU
		Release|Any CPU = Release|Any CPU
	EndGlobalSection
	GlobalSection(ProjectConfigurationPlatforms) = postSolution
		{CFA46E08-C36E-4B04-B5E0-FE50D6A76EAD}.Debug|Any CPU.ActiveCfg = Debug|Any CPU
		{CFA46E08-C36E-4B04-B5E0-FE50D6A76EAD}.Debug|Any CPU.Build.0 = Debug|Any CPU
		{CFA46E08-C36E-4B04-B5E0-FE50D6A76EAD}.Release|Any CPU.ActiveCfg = Release|Any CPU
		{CFA46E08-C36E-4B04-B5E0-FE50D6A76EAD}.Release|Any CPU.Build.0 = Release|Any CPU
	EndGlobalSection
	GlobalSection(SolutionProperties) = preSolution
		HideSolutionNode = FALSE
	EndGlobalSection
	GlobalSection(ExtensibilityGlobals) = postSolution
		SolutionGuid = {214BD04D-2A08-4A1A-B152-43634671E8B0}
	EndGlobalSection
EndGlobal
